
Microsoft Visual Studio Solution File, Format Version 12.00
# Visual Studio 2017
Project("{FAE04EC0-301F-11D3-BF4B-00C04F79EFBC}") = "XCTFWebGL.Plugins", "XCTFWebGL.Plugins.csproj", "{02AB0BCA-2DDF-4510-000B-7E76EBBE4937}"
EndProject
Project("{FAE04EC0-301F-11D3-BF4B-00C04F79EFBC}") = "XCTFWebGL", "XCTFWebGL.csproj", "{F9EEF96A-08A5-6615-9259-6592C5DF274B}"
EndProject
Project("{FAE04EC0-301F-11D3-BF4B-00C04F79EFBC}") = "XCTFWebGL.Editor", "XCTFWebGL.Editor.csproj", "{B6FBC6BF-17B0-8317-5494-EFDAB05E2F8A}"
EndProject
Global
	GlobalSection(SolutionConfigurationPlatforms) = preSolution
		Debug|Any CPU = Debug|Any CPU
		Release|Any CPU = Release|Any CPU
	EndGlobalSection
	GlobalSection(ProjectConfigurationPlatforms) = postSolution
		{02AB0BCA-2DDF-4510-000B-7E76EBBE4937}.Debug|Any CPU.ActiveCfg = Debug|Any CPU
		{02AB0BCA-2DDF-4510-000B-7E76EBBE4937}.Debug|Any CPU.Build.0 = Debug|Any CPU
		{02AB0BCA-2DDF-4510-000B-7E76EBBE4937}.Release|Any CPU.ActiveCfg = Release|Any CPU
		{02AB0BCA-2DDF-4510-000B-7E76EBBE4937}.Release|Any CPU.Build.0 = Release|Any CPU
		{F9EEF96A-08A5-6615-9259-6592C5DF274B}.Debug|Any CPU.ActiveCfg = Debug|Any CPU
		{F9EEF96A-08A5-6615-9259-6592C5DF274B}.Debug|Any CPU.Build.0 = Debug|Any CPU
		{F9EEF96A-08A5-6615-9259-6592C5DF274B}.Release|Any CPU.ActiveCfg = Release|Any CPU
		{F9EEF96A-08A5-6615-9259-6592C5DF274B}.Release|Any CPU.Build.0 = Release|Any CPU
		{B6FBC6BF-17B0-8317-5494-EFDAB05E2F8A}.Debug|Any CPU.ActiveCfg = Debug|Any CPU
		{B6FBC6BF-17B0-8317-5494-EFDAB05E2F8A}.Debug|Any CPU.Build.0 = Debug|Any CPU
		{B6FBC6BF-17B0-8317-5494-EFDAB05E2F8A}.Release|Any CPU.ActiveCfg = Release|Any CPU
		{B6FBC6BF-17B0-8317-5494-EFDAB05E2F8A}.Release|Any CPU.Build.0 = Release|Any CPU
	EndGlobalSection
	GlobalSection(SolutionProperties) = preSolution
		HideSolutionNode = FALSE
	EndGlobalSection
EndGlobal
