
Microsoft Visual Studio Solution File, Format Version 12.00
# Visual Studio 2017
Project("{FAE04EC0-301F-11D3-BF4B-00C04F79EFBC}") = "XCTFAD.Plugins", "XCTFAD.Plugins.csproj", "{A0431B93-E911-7079-4218-260A34BEA864}"
EndProject
Project("{FAE04EC0-301F-11D3-BF4B-00C04F79EFBC}") = "XCTFAD", "XCTFAD.csproj", "{C11DE684-85BB-A424-9984-738EDB591825}"
EndProject
Project("{FAE04EC0-301F-11D3-BF4B-00C04F79EFBC}") = "XCTFAD.Editor", "XCTFAD.Editor.csproj", "{659EE3ED-F502-0DF0-00CD-CF9DCD83BCE1}"
EndProject
Global
	GlobalSection(SolutionConfigurationPlatforms) = preSolution
		Debug|Any CPU = Debug|Any CPU
		Release|Any CPU = Release|Any CPU
	EndGlobalSection
	GlobalSection(ProjectConfigurationPlatforms) = postSolution
		{A0431B93-E911-7079-4218-260A34BEA864}.Debug|Any CPU.ActiveCfg = Debug|Any CPU
		{A0431B93-E911-7079-4218-260A34BEA864}.Debug|Any CPU.Build.0 = Debug|Any CPU
		{A0431B93-E911-7079-4218-260A34BEA864}.Release|Any CPU.ActiveCfg = Release|Any CPU
		{A0431B93-E911-7079-4218-260A34BEA864}.Release|Any CPU.Build.0 = Release|Any CPU
		{C11DE684-85BB-A424-9984-738EDB591825}.Debug|Any CPU.ActiveCfg = Debug|Any CPU
		{C11DE684-85BB-A424-9984-738EDB591825}.Debug|Any CPU.Build.0 = Debug|Any CPU
		{C11DE684-85BB-A424-9984-738EDB591825}.Release|Any CPU.ActiveCfg = Release|Any CPU
		{C11DE684-85BB-A424-9984-738EDB591825}.Release|Any CPU.Build.0 = Release|Any CPU
		{659EE3ED-F502-0DF0-00CD-CF9DCD83BCE1}.Debug|Any CPU.ActiveCfg = Debug|Any CPU
		{659EE3ED-F502-0DF0-00CD-CF9DCD83BCE1}.Debug|Any CPU.Build.0 = Debug|Any CPU
		{659EE3ED-F502-0DF0-00CD-CF9DCD83BCE1}.Release|Any CPU.ActiveCfg = Release|Any CPU
		{659EE3ED-F502-0DF0-00CD-CF9DCD83BCE1}.Release|Any CPU.Build.0 = Release|Any CPU
	EndGlobalSection
	GlobalSection(SolutionProperties) = preSolution
		HideSolutionNode = FALSE
	EndGlobalSection
EndGlobal
